
Microsoft Visual Studio Solution File, Format Version 12.00
# Visual Studio Version 17
VisualStudioVersion = 17.9.34728.123
MinimumVisualStudioVersion = 10.0.40219.1
Project("{9A19103F-16F7-4668-BE54-9A1E7A4F7556}") = "Libreria_clases", "Libreria_clases\Libreria_clases.csproj", "{77F27DFD-6793-445B-94FE-FBF4785F6CAF}"
EndProject
Project("{9A19103F-16F7-4668-BE54-9A1E7A4F7556}") = "Gestor_horas_medico", "Gestor-horas-medico\Gestor_horas_medico.csproj", "{B25A60B1-6D21-49AD-A92A-7D86199AEA14}"
EndProject
Project("{9A19103F-16F7-4668-BE54-9A1E7A4F7556}") = "TestCommands", "TestCommands\TestCommands.csproj", "{9CC014C2-8386-445C-9AEA-0C9ECFD1FFEA}"
EndProject
Global
	GlobalSection(SolutionConfigurationPlatforms) = preSolution
		Debug|Any CPU = Debug|Any CPU
		Release|Any CPU = Release|Any CPU
	EndGlobalSection
	GlobalSection(ProjectConfigurationPlatforms) = postSolution
		{77F27DFD-6793-445B-94FE-FBF4785F6CAF}.Debug|Any CPU.ActiveCfg = Debug|Any CPU
		{77F27DFD-6793-445B-94FE-FBF4785F6CAF}.Debug|Any CPU.Build.0 = Debug|Any CPU
		{77F27DFD-6793-445B-94FE-FBF4785F6CAF}.Release|Any CPU.ActiveCfg = Release|Any CPU
		{77F27DFD-6793-445B-94FE-FBF4785F6CAF}.Release|Any CPU.Build.0 = Release|Any CPU
		{B25A60B1-6D21-49AD-A92A-7D86199AEA14}.Debug|Any CPU.ActiveCfg = Debug|Any CPU
		{B25A60B1-6D21-49AD-A92A-7D86199AEA14}.Debug|Any CPU.Build.0 = Debug|Any CPU
		{B25A60B1-6D21-49AD-A92A-7D86199AEA14}.Release|Any CPU.ActiveCfg = Release|Any CPU
		{B25A60B1-6D21-49AD-A92A-7D86199AEA14}.Release|Any CPU.Build.0 = Release|Any CPU
		{9CC014C2-8386-445C-9AEA-0C9ECFD1FFEA}.Debug|Any CPU.ActiveCfg = Debug|Any CPU
		{9CC014C2-8386-445C-9AEA-0C9ECFD1FFEA}.Debug|Any CPU.Build.0 = Debug|Any CPU
		{9CC014C2-8386-445C-9AEA-0C9ECFD1FFEA}.Release|Any CPU.ActiveCfg = Release|Any CPU
		{9CC014C2-8386-445C-9AEA-0C9ECFD1FFEA}.Release|Any CPU.Build.0 = Release|Any CPU
	EndGlobalSection
	GlobalSection(SolutionProperties) = preSolution
		HideSolutionNode = FALSE
	EndGlobalSection
	GlobalSection(ExtensibilityGlobals) = postSolution
		SolutionGuid = {D77E6C65-C898-4F9C-B202-D4BCFBBE177D}
	EndGlobalSection
EndGlobal
